Microsoft Visual Studio Solution File, Format Version 11.00
# Visual Studio 2010
Project("{FAE04EC0-301F-11D3-BF4B-00C04F79EFBC}") = "Assembly-CSharp", "Assembly-CSharp.csproj", "{D408CC5B-971A-2BBE-C6EC-761A4122185A}"
EndProject
Project("{FAE04EC0-301F-11D3-BF4B-00C04F79EFBC}") = "Assembly-CSharp-Editor", "Assembly-CSharp-Editor.csproj", "{20BA8309-F4FF-482E-04B7-A5F4BB9A993A}"
EndProject
Global
	GlobalSection(SolutionConfigurationPlatforms) = preSolution
		Debug|Any CPU = Debug|Any CPU
		Release|Any CPU = Release|Any CPU
	EndGlobalSection
	GlobalSection(ProjectConfigurationPlatforms) = postSolution
		{D408CC5B-971A-2BBE-C6EC-761A4122185A}.Debug|Any CPU.ActiveCfg = Debug|Any CPU
		{D408CC5B-971A-2BBE-C6EC-761A4122185A}.Debug|Any CPU.Build.0 = Debug|Any CPU
		{D408CC5B-971A-2BBE-C6EC-761A4122185A}.Release|Any CPU.ActiveCfg = Release|Any CPU
		{D408CC5B-971A-2BBE-C6EC-761A4122185A}.Release|Any CPU.Build.0 = Release|Any CPU
		{20BA8309-F4FF-482E-04B7-A5F4BB9A993A}.Debug|Any CPU.ActiveCfg = Debug|Any CPU
		{20BA8309-F4FF-482E-04B7-A5F4BB9A993A}.Debug|Any CPU.Build.0 = Debug|Any CPU
		{20BA8309-F4FF-482E-04B7-A5F4BB9A993A}.Release|Any CPU.ActiveCfg = Release|Any CPU
		{20BA8309-F4FF-482E-04B7-A5F4BB9A993A}.Release|Any CPU.Build.0 = Release|Any CPU
	EndGlobalSection
	GlobalSection(SolutionProperties) = preSolution
		HideSolutionNode = FALSE
	EndGlobalSection
	GlobalSection(MonoDevelopProperties) = preSolution
		StartupItem = Assembly-CSharp.csproj
	EndGlobalSection
EndGlobal
